
Microsoft Visual Studio Solution File, Format Version 12.00
# Visual Studio 15
VisualStudioVersion = 15.0.26730.12
MinimumVisualStudioVersion = 10.0.40219.1
Project("{FAE04EC0-301F-11D3-BF4B-00C04F79EFBC}") = "PocoToTypescript", "PocoToTypescript.csproj", "{DB085025-5345-4031-B5B9-6CF4B408512B}"
EndProject
Global
	GlobalSection(SolutionConfigurationPlatforms) = preSolution
		Debug|Any CPU = Debug|Any CPU
		Release|Any CPU = Release|Any CPU
	EndGlobalSection
	GlobalSection(ProjectConfigurationPlatforms) = postSolution
		{DB085025-5345-4031-B5B9-6CF4B408512B}.Debug|Any CPU.ActiveCfg = Debug|Any CPU
		{DB085025-5345-4031-B5B9-6CF4B408512B}.Debug|Any CPU.Build.0 = Debug|Any CPU
		{DB085025-5345-4031-B5B9-6CF4B408512B}.Release|Any CPU.ActiveCfg = Release|Any CPU
		{DB085025-5345-4031-B5B9-6CF4B408512B}.Release|Any CPU.Build.0 = Release|Any CPU
	EndGlobalSection
	GlobalSection(SolutionProperties) = preSolution
		HideSolutionNode = FALSE
	EndGlobalSection
	GlobalSection(ExtensibilityGlobals) = postSolution
		SolutionGuid = {240087FB-62F1-436A-8F00-F677EF3A212E}
	EndGlobalSection
EndGlobal
